# This file is automatically @generated by Poetry 2.3.2 and should not be changed by hand.

[[package]]
name = "robotframework"
version = "7.4.1"
description = "Generic automation framework for acceptance testing and robotic process automation (RPA)"
optional = false
python-versions = ">=3.8"
groups = ["main"]
files = [
    {file = "robotframework-7.4.1-py3-none-any.whl", hash = "sha256:3f75cae8a24797f1953efdb51399569767d742bb31f549ee9856db5545062728"},
    {file = "robotframework-7.4.1.tar.gz", hash = "sha256:d645487248a86db1e1a865ce792502792edf5342873f4e4f35d333219cd246c5"},
]

[metadata]
lock-version = "2.1"
python-versions = ">= 3.10"
content-hash = "846dd69b2cf2ebcb9ab62f788b75838a9520e9779a775272d7ebf101a1b0a2ce"
